<?xml version="1.0" encoding="utf-8"?>
<Project ToolsVersion="4.0" xmlns="http://schemas.microsoft.com/developer/msbuild/2003">
  <ItemGroup>
    <Filter Include="源文件">
      <UniqueIdentifier>{4FC737F1-C7A5-4376-A066-2A32D752A2FF}</UniqueIdentifier>
      <Extensions>cpp;c;cc;cxx;c++;cppm;ixx;def;odl;idl;hpj;bat;asm;asmx</Extensions>
    </Filter>
    <Filter Include="头文件">
      <UniqueIdentifier>{93995380-89BD-4b04-88EB-625FBE52EBFB}</UniqueIdentifier>
      <Extensions>h;hh;hpp;hxx;h++;hm;inl;inc;ipp;xsd</Extensions>
    </Filter>
    <Filter Include="资源文件">
      <UniqueIdentifier>{67DA6AB6-F800-4c08-8B7A-83BB121AAD01}</UniqueIdentifier>
      <Extensions>rc;ico;cur;bmp;dlg;rc2;rct;bin;rgs;gif;jpg;jpeg;jpe;resx;tiff;tif;png;wav;mfcribbon-ms</Extensions>
    </Filter>
  </ItemGroup>
  <ItemGroup>
    <ClInclude Include="include\matplotlibcpp.h">
      <Filter>头文件</Filter>
    </ClInclude>
    <ClInclude Include="include\APF.h">
      <Filter>头文件</Filter>
    </ClInclude>
    <ClInclude Include="include\Astar.h">
      <Filter>头文件</Filter>
    </ClInclude>
    <ClInclude Include="include\BezierCurve.h">
      <Filter>头文件</Filter>
    </ClInclude>
    <ClInclude Include="include\BSpline.h">
      <Filter>头文件</Filter>
    </ClInclude>
    <ClInclude Include="include\Dijkstra.h">
      <Filter>头文件</Filter>
    </ClInclude>
    <ClInclude Include="include\Dubins.h">
      <Filter>头文件</Filter>
    </ClInclude>
    <ClInclude Include="include\DWA.h">
      <Filter>头文件</Filter>
    </ClInclude>
    <ClInclude Include="include\ReedsShepp.h">
      <Filter>头文件</Filter>
    </ClInclude>
    <ClInclude Include="include\RRT.h">
      <Filter>头文件</Filter>
    </ClInclude>
    <ClInclude Include="include\RRT_connect.h">
      <Filter>头文件</Filter>
    </ClInclude>
    <ClInclude Include="include\RRT_Star.h">
      <Filter>头文件</Filter>
    </ClInclude>
  </ItemGroup>
  <ItemGroup>
    <ClCompile Include="src\Astar.cpp">
      <Filter>源文件</Filter>
    </ClCompile>
    <ClCompile Include="src\main_Astar.cpp">
      <Filter>源文件</Filter>
    </ClCompile>
    <ClCompile Include="src\APF.cpp">
      <Filter>源文件</Filter>
    </ClCompile>
    <ClCompile Include="src\BezierCurve.cpp">
      <Filter>源文件</Filter>
    </ClCompile>
    <ClCompile Include="src\BSpline.cpp">
      <Filter>源文件</Filter>
    </ClCompile>
    <ClCompile Include="src\Dijkstra.cpp">
      <Filter>源文件</Filter>
    </ClCompile>
    <ClCompile Include="src\Dubins.cpp">
      <Filter>源文件</Filter>
    </ClCompile>
    <ClCompile Include="src\DWA.cpp">
      <Filter>源文件</Filter>
    </ClCompile>
    <ClCompile Include="src\ReedsShepp.cpp">
      <Filter>源文件</Filter>
    </ClCompile>
    <ClCompile Include="src\RRT.cpp">
      <Filter>源文件</Filter>
    </ClCompile>
    <ClCompile Include="src\RRT_connect.cpp">
      <Filter>源文件</Filter>
    </ClCompile>
    <ClCompile Include="src\RRT_Star.cpp">
      <Filter>源文件</Filter>
    </ClCompile>
  </ItemGroup>
</Project>